<?xml version="1.0" encoding="UTF-8"?>
<Scheme
   version = "1.3">
   <BuildAction>
      <BuildActionEntries>
         <BuildActionEntry
            buildForRunning = "YES">
            <BuildableReference
               BuildableIdentifier = "primary"
               BlueprintIdentifier = "44881AE394DD2949C495DA77"
               BuildableName = "SwiftUiC-19.app"
               BlueprintName = "SwiftUiC-19"
               ReferencedContainer = "container:SwiftUiC-19.xcodeproj">
            </BuildableReference>
         </BuildActionEntry>
      </BuildActionEntries>
   </BuildAction>
   <LaunchAction
      useCustomWorkingDirectory = "NO"
      buildConfiguration = "Debug"
      allowLocationSimulation = "YES">
      <BuildableProductRunnable>
         <BuildableReference
            BuildableIdentifier = "primary"
            BlueprintIdentifier = "44881AE394DD2949C495DA77"
            BuildableName = "SwiftUiC-19.app"
            BlueprintName = "SwiftUiC-19"
            ReferencedContainer = "container:SwiftUiC-19.xcodeproj">
         </BuildableReference>
      </BuildableProductRunnable>
   </LaunchAction>
</Scheme>
